
Microsoft Visual Studio Solution File, Format Version 12.00
# Visual Studio 14
VisualStudioVersion = 14.0.25420.1
MinimumVisualStudioVersion = 10.0.40219.1
Project("{2150E333-8FDC-42A3-9474-1A3956D46DE8}") = "1-Presentation", "1-Presentation", "{949E345B-CBE2-4A1F-BBDB-79089B1416DB}"
EndProject
Project("{2150E333-8FDC-42A3-9474-1A3956D46DE8}") = "2-Business", "2-Business", "{3A111939-284F-4600-A946-15BCDB48C359}"
EndProject
Project("{2150E333-8FDC-42A3-9474-1A3956D46DE8}") = "3-DataAccess", "3-DataAccess", "{F2DB4EC0-34CB-4ED7-80D1-7FAF90715552}"
EndProject
Project("{2150E333-8FDC-42A3-9474-1A3956D46DE8}") = "5-Common", "5-Common", "{93297B79-7A16-4EB2-9D8E-101D835D4731}"
EndProject
Project("{2150E333-8FDC-42A3-9474-1A3956D46DE8}") = "4-Domain", "4-Domain", "{CCD6DF4A-9E1B-4F19-BC67-E148CAACC765}"
EndProject
Project("{FAE04EC0-301F-11D3-BF4B-00C04F79EFBC}") = "IP-NTier.Domain", "IP-NTier.Domain\IP-NTier.Domain.csproj", "{87EC3656-4981-449B-A7F1-B3F6F0463521}"
EndProject
Project("{FAE04EC0-301F-11D3-BF4B-00C04F79EFBC}") = "IP-NTier.DataAccess.EF", "IP-NTier.DataAccess.EF\IP-NTier.DataAccess.EF.csproj", "{19D2C319-F3AB-4D2C-AB8D-9C573BEE1477}"
EndProject
Project("{FAE04EC0-301F-11D3-BF4B-00C04F79EFBC}") = "IP-NTier.Common.DataAccess.EF", "IP-NTier.Common.DataAccess.EF\IP-NTier.Common.DataAccess.EF.csproj", "{9F16483C-3CF1-4EFF-A384-727D95A5C5BC}"
EndProject
Project("{FAE04EC0-301F-11D3-BF4B-00C04F79EFBC}") = "IP-NTier.Common.Presentation.WinForm", "IP-NTier.Common.Presentation.WinForm\IP-NTier.Common.Presentation.WinForm.csproj", "{8B79EC55-C0B4-4721-8EA6-1271809F1EFD}"
EndProject
Project("{FAE04EC0-301F-11D3-BF4B-00C04F79EFBC}") = "IP-NTier.Common.Core", "IP-NTier.Common.Core\IP-NTier.Common.Core.csproj", "{786A8514-18FF-4814-9C65-5CD52B7C98A8}"
EndProject
Project("{FAE04EC0-301F-11D3-BF4B-00C04F79EFBC}") = "IP-NTier.Business.DomainServices", "IP-NTier.Business.DomainServices\IP-NTier.Business.DomainServices.csproj", "{9694EF6C-7A51-4512-BEA2-90A78A4DC61C}"
EndProject
Project("{FAE04EC0-301F-11D3-BF4B-00C04F79EFBC}") = "IP-NTier.Presentation.WinForm", "IP-NTier.Presentation.WinForm\IP-NTier.Presentation.WinForm.csproj", "{8D71FFA5-97A4-44F9-86CF-B151C10EDCF8}"
EndProject
Project("{FAE04EC0-301F-11D3-BF4B-00C04F79EFBC}") = "IP-NTier.Common.IoC", "IP-NTier.Common.IoC\IP-NTier.Common.IoC.csproj", "{B9349951-EEC1-4438-BAFC-F4B7E4607FF9}"
EndProject
Project("{FAE04EC0-301F-11D3-BF4B-00C04F79EFBC}") = "IP-NTier.Common.DomainServices", "IP-NTier.Common.DomainServices\IP-NTier.Common.DomainServices.csproj", "{DED059D3-DDCE-4C89-98B1-B53B4CAF5843}"
EndProject
Project("{2150E333-8FDC-42A3-9474-1A3956D46DE8}") = "0-Doc", "0-Doc", "{AF7B8CE8-9439-4998-91A1-466803F74405}"
EndProject
Global
	GlobalSection(SolutionConfigurationPlatforms) = preSolution
		Debug|Any CPU = Debug|Any CPU
		Release|Any CPU = Release|Any CPU
	EndGlobalSection
	GlobalSection(ProjectConfigurationPlatforms) = postSolution
		{87EC3656-4981-449B-A7F1-B3F6F0463521}.Debug|Any CPU.ActiveCfg = Debug|Any CPU
		{87EC3656-4981-449B-A7F1-B3F6F0463521}.Debug|Any CPU.Build.0 = Debug|Any CPU
		{87EC3656-4981-449B-A7F1-B3F6F0463521}.Release|Any CPU.ActiveCfg = Release|Any CPU
		{87EC3656-4981-449B-A7F1-B3F6F0463521}.Release|Any CPU.Build.0 = Release|Any CPU
		{19D2C319-F3AB-4D2C-AB8D-9C573BEE1477}.Debug|Any CPU.ActiveCfg = Debug|Any CPU
		{19D2C319-F3AB-4D2C-AB8D-9C573BEE1477}.Debug|Any CPU.Build.0 = Debug|Any CPU
		{19D2C319-F3AB-4D2C-AB8D-9C573BEE1477}.Release|Any CPU.ActiveCfg = Release|Any CPU
		{19D2C319-F3AB-4D2C-AB8D-9C573BEE1477}.Release|Any CPU.Build.0 = Release|Any CPU
		{9F16483C-3CF1-4EFF-A384-727D95A5C5BC}.Debug|Any CPU.ActiveCfg = Debug|Any CPU
		{9F16483C-3CF1-4EFF-A384-727D95A5C5BC}.Debug|Any CPU.Build.0 = Debug|Any CPU
		{9F16483C-3CF1-4EFF-A384-727D95A5C5BC}.Release|Any CPU.ActiveCfg = Release|Any CPU
		{9F16483C-3CF1-4EFF-A384-727D95A5C5BC}.Release|Any CPU.Build.0 = Release|Any CPU
		{8B79EC55-C0B4-4721-8EA6-1271809F1EFD}.Debug|Any CPU.ActiveCfg = Debug|Any CPU
		{8B79EC55-C0B4-4721-8EA6-1271809F1EFD}.Debug|Any CPU.Build.0 = Debug|Any CPU
		{8B79EC55-C0B4-4721-8EA6-1271809F1EFD}.Release|Any CPU.ActiveCfg = Release|Any CPU
		{8B79EC55-C0B4-4721-8EA6-1271809F1EFD}.Release|Any CPU.Build.0 = Release|Any CPU
		{786A8514-18FF-4814-9C65-5CD52B7C98A8}.Debug|Any CPU.ActiveCfg = Debug|Any CPU
		{786A8514-18FF-4814-9C65-5CD52B7C98A8}.Debug|Any CPU.Build.0 = Debug|Any CPU
		{786A8514-18FF-4814-9C65-5CD52B7C98A8}.Release|Any CPU.ActiveCfg = Release|Any CPU
		{786A8514-18FF-4814-9C65-5CD52B7C98A8}.Release|Any CPU.Build.0 = Release|Any CPU
		{9694EF6C-7A51-4512-BEA2-90A78A4DC61C}.Debug|Any CPU.ActiveCfg = Debug|Any CPU
		{9694EF6C-7A51-4512-BEA2-90A78A4DC61C}.Debug|Any CPU.Build.0 = Debug|Any CPU
		{9694EF6C-7A51-4512-BEA2-90A78A4DC61C}.Release|Any CPU.ActiveCfg = Release|Any CPU
		{9694EF6C-7A51-4512-BEA2-90A78A4DC61C}.Release|Any CPU.Build.0 = Release|Any CPU
		{8D71FFA5-97A4-44F9-86CF-B151C10EDCF8}.Debug|Any CPU.ActiveCfg = Debug|Any CPU
		{8D71FFA5-97A4-44F9-86CF-B151C10EDCF8}.Debug|Any CPU.Build.0 = Debug|Any CPU
		{8D71FFA5-97A4-44F9-86CF-B151C10EDCF8}.Release|Any CPU.ActiveCfg = Release|Any CPU
		{8D71FFA5-97A4-44F9-86CF-B151C10EDCF8}.Release|Any CPU.Build.0 = Release|Any CPU
		{B9349951-EEC1-4438-BAFC-F4B7E4607FF9}.Debug|Any CPU.ActiveCfg = Debug|Any CPU
		{B9349951-EEC1-4438-BAFC-F4B7E4607FF9}.Debug|Any CPU.Build.0 = Debug|Any CPU
		{B9349951-EEC1-4438-BAFC-F4B7E4607FF9}.Release|Any CPU.ActiveCfg = Release|Any CPU
		{B9349951-EEC1-4438-BAFC-F4B7E4607FF9}.Release|Any CPU.Build.0 = Release|Any CPU
		{DED059D3-DDCE-4C89-98B1-B53B4CAF5843}.Debug|Any CPU.ActiveCfg = Debug|Any CPU
		{DED059D3-DDCE-4C89-98B1-B53B4CAF5843}.Debug|Any CPU.Build.0 = Debug|Any CPU
		{DED059D3-DDCE-4C89-98B1-B53B4CAF5843}.Release|Any CPU.ActiveCfg = Release|Any CPU
		{DED059D3-DDCE-4C89-98B1-B53B4CAF5843}.Release|Any CPU.Build.0 = Release|Any CPU
	EndGlobalSection
	GlobalSection(SolutionProperties) = preSolution
		HideSolutionNode = FALSE
	EndGlobalSection
	GlobalSection(NestedProjects) = preSolution
		{87EC3656-4981-449B-A7F1-B3F6F0463521} = {CCD6DF4A-9E1B-4F19-BC67-E148CAACC765}
		{19D2C319-F3AB-4D2C-AB8D-9C573BEE1477} = {F2DB4EC0-34CB-4ED7-80D1-7FAF90715552}
		{9F16483C-3CF1-4EFF-A384-727D95A5C5BC} = {93297B79-7A16-4EB2-9D8E-101D835D4731}
		{8B79EC55-C0B4-4721-8EA6-1271809F1EFD} = {93297B79-7A16-4EB2-9D8E-101D835D4731}
		{786A8514-18FF-4814-9C65-5CD52B7C98A8} = {93297B79-7A16-4EB2-9D8E-101D835D4731}
		{9694EF6C-7A51-4512-BEA2-90A78A4DC61C} = {3A111939-284F-4600-A946-15BCDB48C359}
		{8D71FFA5-97A4-44F9-86CF-B151C10EDCF8} = {949E345B-CBE2-4A1F-BBDB-79089B1416DB}
		{B9349951-EEC1-4438-BAFC-F4B7E4607FF9} = {93297B79-7A16-4EB2-9D8E-101D835D4731}
		{DED059D3-DDCE-4C89-98B1-B53B4CAF5843} = {93297B79-7A16-4EB2-9D8E-101D835D4731}
	EndGlobalSection
EndGlobal
